
Microsoft Visual Studio Solution File, Format Version 12.00
# Visual Studio Version 17
VisualStudioVersion = 17.5.002.0
MinimumVisualStudioVersion = 10.0.40219.1
Project("{9A19103F-16F7-4668-BE54-9A1E7A4F7556}") = "a2", "a2.csproj", "{2D99E10F-7F5E-4923-8959-25043C4F77DD}"
EndProject
Global
	GlobalSection(SolutionConfigurationPlatforms) = preSolution
		Debug|Any CPU = Debug|Any CPU
		Release|Any CPU = Release|Any CPU
	EndGlobalSection
	GlobalSection(ProjectConfigurationPlatforms) = postSolution
		{2D99E10F-7F5E-4923-8959-25043C4F77DD}.Debug|Any CPU.ActiveCfg = Debug|Any CPU
		{2D99E10F-7F5E-4923-8959-25043C4F77DD}.Debug|Any CPU.Build.0 = Debug|Any CPU
		{2D99E10F-7F5E-4923-8959-25043C4F77DD}.Release|Any CPU.ActiveCfg = Release|Any CPU
		{2D99E10F-7F5E-4923-8959-25043C4F77DD}.Release|Any CPU.Build.0 = Release|Any CPU
	EndGlobalSection
	GlobalSection(SolutionProperties) = preSolution
		HideSolutionNode = FALSE
	EndGlobalSection
	GlobalSection(ExtensibilityGlobals) = postSolution
		SolutionGuid = {BA467DDB-DC23-4B4F-9B13-3A49C00BFD30}
	EndGlobalSection
EndGlobal
