
Microsoft Visual Studio Solution File, Format Version 12.00
# Visual Studio Version 17
VisualStudioVersion = 17.5.002.0
MinimumVisualStudioVersion = 10.0.40219.1
Project("{9A19103F-16F7-4668-BE54-9A1E7A4F7556}") = "a1", "a1.csproj", "{250345E7-D74D-46F0-9810-B63A000494AE}"
EndProject
Global
	GlobalSection(SolutionConfigurationPlatforms) = preSolution
		Debug|Any CPU = Debug|Any CPU
		Release|Any CPU = Release|Any CPU
	EndGlobalSection
	GlobalSection(ProjectConfigurationPlatforms) = postSolution
		{250345E7-D74D-46F0-9810-B63A000494AE}.Debug|Any CPU.ActiveCfg = Debug|Any CPU
		{250345E7-D74D-46F0-9810-B63A000494AE}.Debug|Any CPU.Build.0 = Debug|Any CPU
		{250345E7-D74D-46F0-9810-B63A000494AE}.Release|Any CPU.ActiveCfg = Release|Any CPU
		{250345E7-D74D-46F0-9810-B63A000494AE}.Release|Any CPU.Build.0 = Release|Any CPU
	EndGlobalSection
	GlobalSection(SolutionProperties) = preSolution
		HideSolutionNode = FALSE
	EndGlobalSection
	GlobalSection(ExtensibilityGlobals) = postSolution
		SolutionGuid = {3641F569-F899-4C66-822F-5570B56737EF}
	EndGlobalSection
EndGlobal
